// !$*UTF8*$!
{
	archiveVersion = 1;
	classes = {
	};
	objectVersion = 56;
	objects = {

/* Begin PBXBuildFile section */
		48BBFBB82AA0DEC20043559A /* AppDelegate.swift in Sources */ = {isa = PBXBuildFile; fileRef = 48BBFBB72AA0DEC20043559A /* AppDelegate.swift */; };
		48BBFBBA2AA0DEC20043559A /* SceneDelegate.swift in Sources */ = {isa = PBXBuildFile; fileRef = 48BBFBB92AA0DEC20043559A /* SceneDelegate.swift */; };
		48BBFBBC2AA0DEC20043559A /* ViewController.swift in Sources */ = {isa = PBXBuildFile; fileRef = 48BBFBBB2AA0DEC20043559A /* ViewController.swift */; };
		48BBFBBF2AA0DEC20043559A /* Main.storyboard in Resources */ = {isa = PBXBuildFile; fileRef = 48BBFBBD2AA0DEC20043559A /* Main.storyboard */; };
		48BBFBC12AA0DEC40043559A /* Assets.xcassets in Resources */ = {isa = PBXBuildFile; fileRef = 48BBFBC02AA0DEC40043559A /* Assets.xcassets */; };
		48BBFBC42AA0DEC40043559A /* LaunchScreen.storyboard in Resources */ = {isa = PBXBuildFile; fileRef = 48BBFBC22AA0DEC40043559A /* LaunchScreen.storyboard */; };
		48F3513F2AA533CF00A1FD2B /* WeatherData.swift in Sources */ = {isa = PBXBuildFile; fileRef = 48F3513E2AA533CF00A1FD2B /* WeatherData.swift */; };
		E1BBAE992B0BF96F00CDB813 /* SecondTableViewCell.swift in Sources */ = {isa = PBXBuildFile; fileRef = E1BBAE972B0BF96F00CDB813 /* SecondTableViewCell.swift */; };
		E1BBAE9A2B0BF96F00CDB813 /* SecondTableViewCell.xib in Resources */ = {isa = PBXBuildFile; fileRef = E1BBAE982B0BF96F00CDB813 /* SecondTableViewCell.xib */; };
		E1BBAEA32B0BFDC600CDB813 /* ChildTableViewCell.swift in Sources */ = {isa = PBXBuildFile; fileRef = E1BBAEA12B0BFDC600CDB813 /* ChildTableViewCell.swift */; };
		E1BBAEA42B0BFDC600CDB813 /* ChildTableViewCell.xib in Resources */ = {isa = PBXBuildFile; fileRef = E1BBAEA22B0BFDC600CDB813 /* ChildTableViewCell.xib */; };
		E1BBAEA72B0C007B00CDB813 /* ForTenDaysCellModel.swift in Sources */ = {isa = PBXBuildFile; fileRef = E1BBAEA62B0C007B00CDB813 /* ForTenDaysCellModel.swift */; };
		E1D71EAC2B09613E00D3E762 /* TableViewCell.swift in Sources */ = {isa = PBXBuildFile; fileRef = E1D71EAA2B09613E00D3E762 /* TableViewCell.swift */; };
		E1D71EAD2B09613E00D3E762 /* TableViewCell.xib in Resources */ = {isa = PBXBuildFile; fileRef = E1D71EAB2B09613E00D3E762 /* TableViewCell.xib */; };
		E1D71EB12B09645200D3E762 /* CollectionViewCell.swift in Sources */ = {isa = PBXBuildFile; fileRef = E1D71EAF2B09645200D3E762 /* CollectionViewCell.swift */; };
		E1D71EB22B09645200D3E762 /* CollectionViewCell.xib in Resources */ = {isa = PBXBuildFile; fileRef = E1D71EB02B09645200D3E762 /* CollectionViewCell.xib */; };
		E1D71EB42B09683A00D3E762 /* CollectionViewDemoModel.swift in Sources */ = {isa = PBXBuildFile; fileRef = E1D71EB32B09683900D3E762 /* CollectionViewDemoModel.swift */; };
		E1D71EB72B09693800D3E762 /* Data.swift in Sources */ = {isa = PBXBuildFile; fileRef = E1D71EB62B09693800D3E762 /* Data.swift */; };
		E1E6A4FD2B0E66C6006AFA96 /* LocationProvider.swift in Sources */ = {isa = PBXBuildFile; fileRef = E1E6A4FC2B0E66C6006AFA96 /* LocationProvider.swift */; };
/* End PBXBuildFile section */

/* Begin PBXFileReference section */
		48BBFBB42AA0DEC20043559A /* weatherApp.app */ = {isa = PBXFileReference; explicitFileType = wrapper.application; includeInIndex = 0; path = weatherApp.app; sourceTree = BUILT_PRODUCTS_DIR; };
		48BBFBB72AA0DEC20043559A /* AppDelegate.swift */ = {isa = PBXFileReference; lastKnownFileType = sourcecode.swift; path = AppDelegate.swift; sourceTree = "<group>"; };
		48BBFBB92AA0DEC20043559A /* SceneDelegate.swift */ = {isa = PBXFileReference; lastKnownFileType = sourcecode.swift; path = SceneDelegate.swift; sourceTree = "<group>"; };
		48BBFBBB2AA0DEC20043559A /* ViewController.swift */ = {isa = PBXFileReference; lastKnownFileType = sourcecode.swift; path = ViewController.swift; sourceTree = "<group>"; };
		48BBFBBE2AA0DEC20043559A /* Base */ = {isa = PBXFileReference; lastKnownFileType = file.storyboard; name = Base; path = Base.lproj/Main.storyboard; sourceTree = "<group>"; };
		48BBFBC02AA0DEC40043559A /* Assets.xcassets */ = {isa = PBXFileReference; lastKnownFileType = folder.assetcatalog; path = Assets.xcassets; sourceTree = "<group>"; };
		48BBFBC32AA0DEC40043559A /* Base */ = {isa = PBXFileReference; lastKnownFileType = file.storyboard; name = Base; path = Base.lproj/LaunchScreen.storyboard; sourceTree = "<group>"; };
		48BBFBC52AA0DEC40043559A /* Info.plist */ = {isa = PBXFileReference; lastKnownFileType = text.plist.xml; path = Info.plist; sourceTree = "<group>"; };
		48F3513E2AA533CF00A1FD2B /* WeatherData.swift */ = {isa = PBXFileReference; lastKnownFileType = sourcecode.swift; path = WeatherData.swift; sourceTree = "<group>"; };
		E1BBAE972B0BF96F00CDB813 /* SecondTableViewCell.swift */ = {isa = PBXFileReference; lastKnownFileType = sourcecode.swift; path = SecondTableViewCell.swift; sourceTree = "<group>"; };
		E1BBAE982B0BF96F00CDB813 /* SecondTableViewCell.xib */ = {isa = PBXFileReference; lastKnownFileType = file.xib; path = SecondTableViewCell.xib; sourceTree = "<group>"; };
		E1BBAEA12B0BFDC600CDB813 /* ChildTableViewCell.swift */ = {isa = PBXFileReference; lastKnownFileType = sourcecode.swift; path = ChildTableViewCell.swift; sourceTree = "<group>"; };
		E1BBAEA22B0BFDC600CDB813 /* ChildTableViewCell.xib */ = {isa = PBXFileReference; lastKnownFileType = file.xib; path = ChildTableViewCell.xib; sourceTree = "<group>"; };
		E1BBAEA62B0C007B00CDB813 /* ForTenDaysCellModel.swift */ = {isa = PBXFileReference; lastKnownFileType = sourcecode.swift; path = ForTenDaysCellModel.swift; sourceTree = "<group>"; };
		E1D71EAA2B09613E00D3E762 /* TableViewCell.swift */ = {isa = PBXFileReference; lastKnownFileType = sourcecode.swift; path = TableViewCell.swift; sourceTree = "<group>"; };
		E1D71EAB2B09613E00D3E762 /* TableViewCell.xib */ = {isa = PBXFileReference; lastKnownFileType = file.xib; path = TableViewCell.xib; sourceTree = "<group>"; };
		E1D71EAF2B09645200D3E762 /* CollectionViewCell.swift */ = {isa = PBXFileReference; lastKnownFileType = sourcecode.swift; path = CollectionViewCell.swift; sourceTree = "<group>"; };
		E1D71EB02B09645200D3E762 /* CollectionViewCell.xib */ = {isa = PBXFileReference; lastKnownFileType = file.xib; path = CollectionViewCell.xib; sourceTree = "<group>"; };
		E1D71EB32B09683900D3E762 /* CollectionViewDemoModel.swift */ = {isa = PBXFileReference; lastKnownFileType = sourcecode.swift; path = CollectionViewDemoModel.swift; sourceTree = "<group>"; };
		E1D71EB62B09693800D3E762 /* Data.swift */ = {isa = PBXFileReference; lastKnownFileType = sourcecode.swift; path = Data.swift; sourceTree = "<group>"; };
		E1E6A4FC2B0E66C6006AFA96 /* LocationProvider.swift */ = {isa = PBXFileReference; lastKnownFileType = sourcecode.swift; path = LocationProvider.swift; sourceTree = "<group>"; };
/* End PBXFileReference section */

/* Begin PBXFrameworksBuildPhase section */
		48BBFBB12AA0DEC20043559A /* Frameworks */ = {
			isa = PBXFrameworksBuildPhase;
			buildActionMask = 2147483647;
			files = (
			);
			runOnlyForDeploymentPostprocessing = 0;
		};
/* End PBXFrameworksBuildPhase section */

/* Begin PBXGroup section */
		48BBFBAB2AA0DEC20043559A = {
			isa = PBXGroup;
			children = (
				48BBFBB62AA0DEC20043559A /* weatherApp */,
				48BBFBB52AA0DEC20043559A /* Products */,
			);
			sourceTree = "<group>";
		};
		48BBFBB52AA0DEC20043559A /* Products */ = {
			isa = PBXGroup;
			children = (
				48BBFBB42AA0DEC20043559A /* weatherApp.app */,
			);
			name = Products;
			sourceTree = "<group>";
		};
		48BBFBB62AA0DEC20043559A /* weatherApp */ = {
			isa = PBXGroup;
			children = (
				E1E6A4FB2B0E66B5006AFA96 /* Helpers */,
				48F351412AA533F400A1FD2B /* Delegates */,
				48F351432AA5340D00A1FD2B /* ViewControllers */,
				48F351442AA5341A00A1FD2B /* StoryBoards */,
				48F351402AA533E800A1FD2B /* Models */,
				48F351422AA5340800A1FD2B /* View */,
				48BBFBC02AA0DEC40043559A /* Assets.xcassets */,
				48BBFBC22AA0DEC40043559A /* LaunchScreen.storyboard */,
				48BBFBC52AA0DEC40043559A /* Info.plist */,
			);
			path = weatherApp;
			sourceTree = "<group>";
		};
		48F351402AA533E800A1FD2B /* Models */ = {
			isa = PBXGroup;
			children = (
				E1BBAEA52B0C003D00CDB813 /* Models */,
				48F3513E2AA533CF00A1FD2B /* WeatherData.swift */,
				E1D71EB52B09692600D3E762 /* Demo */,
			);
			path = Models;
			sourceTree = "<group>";
		};
		48F351412AA533F400A1FD2B /* Delegates */ = {
			isa = PBXGroup;
			children = (
				48BBFBB72AA0DEC20043559A /* AppDelegate.swift */,
				48BBFBB92AA0DEC20043559A /* SceneDelegate.swift */,
			);
			path = Delegates;
			sourceTree = "<group>";
		};
		48F351422AA5340800A1FD2B /* View */ = {
			isa = PBXGroup;
			children = (
				E1D71EA82B09611000D3E762 /* Table View Cells */,
			);
			path = View;
			sourceTree = "<group>";
		};
		48F351432AA5340D00A1FD2B /* ViewControllers */ = {
			isa = PBXGroup;
			children = (
				48BBFBBB2AA0DEC20043559A /* ViewController.swift */,
			);
			path = ViewControllers;
			sourceTree = "<group>";
		};
		48F351442AA5341A00A1FD2B /* StoryBoards */ = {
			isa = PBXGroup;
			children = (
				48BBFBBD2AA0DEC20043559A /* Main.storyboard */,
			);
			path = StoryBoards;
			sourceTree = "<group>";
		};
		E1BBAE962B0BF92900CDB813 /* TableViewCellTwo */ = {
			isa = PBXGroup;
			children = (
				E1BBAEA02B0BFD8B00CDB813 /* TableViewCellTwo */,
				E1BBAE972B0BF96F00CDB813 /* SecondTableViewCell.swift */,
				E1BBAE982B0BF96F00CDB813 /* SecondTableViewCell.xib */,
			);
			path = TableViewCellTwo;
			sourceTree = "<group>";
		};
		E1BBAEA02B0BFD8B00CDB813 /* TableViewCellTwo */ = {
			isa = PBXGroup;
			children = (
				E1BBAEA12B0BFDC600CDB813 /* ChildTableViewCell.swift */,
				E1BBAEA22B0BFDC600CDB813 /* ChildTableViewCell.xib */,
			);
			path = TableViewCellTwo;
			sourceTree = "<group>";
		};
		E1BBAEA52B0C003D00CDB813 /* Models */ = {
			isa = PBXGroup;
			children = (
				E1D71EB32B09683900D3E762 /* CollectionViewDemoModel.swift */,
				E1BBAEA62B0C007B00CDB813 /* ForTenDaysCellModel.swift */,
			);
			path = Models;
			sourceTree = "<group>";
		};
		E1D71EA82B09611000D3E762 /* Table View Cells */ = {
			isa = PBXGroup;
			children = (
				E1D71EA92B09611700D3E762 /* TableViewCellOne */,
				E1BBAE962B0BF92900CDB813 /* TableViewCellTwo */,
			);
			path = "Table View Cells";
			sourceTree = "<group>";
		};
		E1D71EA92B09611700D3E762 /* TableViewCellOne */ = {
			isa = PBXGroup;
			children = (
				E1D71EAE2B09642600D3E762 /* CollectionViewCell */,
				E1D71EAA2B09613E00D3E762 /* TableViewCell.swift */,
				E1D71EAB2B09613E00D3E762 /* TableViewCell.xib */,
			);
			path = TableViewCellOne;
			sourceTree = "<group>";
		};
		E1D71EAE2B09642600D3E762 /* CollectionViewCell */ = {
			isa = PBXGroup;
			children = (
				E1D71EAF2B09645200D3E762 /* CollectionViewCell.swift */,
				E1D71EB02B09645200D3E762 /* CollectionViewCell.xib */,
			);
			path = CollectionViewCell;
			sourceTree = "<group>";
		};
		E1D71EB52B09692600D3E762 /* Demo */ = {
			isa = PBXGroup;
			children = (
				E1D71EB62B09693800D3E762 /* Data.swift */,
			);
			path = Demo;
			sourceTree = "<group>";
		};
		E1E6A4FB2B0E66B5006AFA96 /* Helpers */ = {
			isa = PBXGroup;
			children = (
				E1E6A4FC2B0E66C6006AFA96 /* LocationProvider.swift */,
			);
			path = Helpers;
			sourceTree = "<group>";
		};
/* End PBXGroup section */

/* Begin PBXNativeTarget section */
		48BBFBB32AA0DEC20043559A /* weatherApp */ = {
			isa = PBXNativeTarget;
			buildConfigurationList = 48BBFBC82AA0DEC40043559A /* Build configuration list for PBXNativeTarget "weatherApp" */;
			buildPhases = (
				48BBFBB02AA0DEC20043559A /* Sources */,
				48BBFBB12AA0DEC20043559A /* Frameworks */,
				48BBFBB22AA0DEC20043559A /* Resources */,
			);
			buildRules = (
			);
			dependencies = (
			);
			name = weatherApp;
			productName = weatherApp;
			productReference = 48BBFBB42AA0DEC20043559A /* weatherApp.app */;
			productType = "com.apple.product-type.application";
		};
/* End PBXNativeTarget section */

/* Begin PBXProject section */
		48BBFBAC2AA0DEC20043559A /* Project object */ = {
			isa = PBXProject;
			attributes = {
				BuildIndependentTargetsInParallel = 1;
				LastSwiftUpdateCheck = 1400;
				LastUpgradeCheck = 1400;
				TargetAttributes = {
					48BBFBB32AA0DEC20043559A = {
						CreatedOnToolsVersion = 14.0.1;
					};
				};
			};
			buildConfigurationList = 48BBFBAF2AA0DEC20043559A /* Build configuration list for PBXProject "weatherApp" */;
			compatibilityVersion = "Xcode 14.0";
			developmentRegion = en;
			hasScannedForEncodings = 0;
			knownRegions = (
				en,
				Base,
			);
			mainGroup = 48BBFBAB2AA0DEC20043559A;
			productRefGroup = 48BBFBB52AA0DEC20043559A /* Products */;
			projectDirPath = "";
			projectRoot = "";
			targets = (
				48BBFBB32AA0DEC20043559A /* weatherApp */,
			);
		};
/* End PBXProject section */

/* Begin PBXResourcesBuildPhase section */
		48BBFBB22AA0DEC20043559A /* Resources */ = {
			isa = PBXResourcesBuildPhase;
			buildActionMask = 2147483647;
			files = (
				48BBFBC42AA0DEC40043559A /* LaunchScreen.storyboard in Resources */,
				E1BBAE9A2B0BF96F00CDB813 /* SecondTableViewCell.xib in Resources */,
				E1BBAEA42B0BFDC600CDB813 /* ChildTableViewCell.xib in Resources */,
				E1D71EAD2B09613E00D3E762 /* TableViewCell.xib in Resources */,
				48BBFBC12AA0DEC40043559A /* Assets.xcassets in Resources */,
				48BBFBBF2AA0DEC20043559A /* Main.storyboard in Resources */,
				E1D71EB22B09645200D3E762 /* CollectionViewCell.xib in Resources */,
			);
			runOnlyForDeploymentPostprocessing = 0;
		};
/* End PBXResourcesBuildPhase section */

/* Begin PBXSourcesBuildPhase section */
		48BBFBB02AA0DEC20043559A /* Sources */ = {
			isa = PBXSourcesBuildPhase;
			buildActionMask = 2147483647;
			files = (
				E1D71EAC2B09613E00D3E762 /* TableViewCell.swift in Sources */,
				48BBFBBC2AA0DEC20043559A /* ViewController.swift in Sources */,
				E1D71EB42B09683A00D3E762 /* CollectionViewDemoModel.swift in Sources */,
				E1D71EB12B09645200D3E762 /* CollectionViewCell.swift in Sources */,
				48BBFBB82AA0DEC20043559A /* AppDelegate.swift in Sources */,
				E1BBAE992B0BF96F00CDB813 /* SecondTableViewCell.swift in Sources */,
				48F3513F2AA533CF00A1FD2B /* WeatherData.swift in Sources */,
				48BBFBBA2AA0DEC20043559A /* SceneDelegate.swift in Sources */,
				E1BBAEA32B0BFDC600CDB813 /* ChildTableViewCell.swift in Sources */,
				E1E6A4FD2B0E66C6006AFA96 /* LocationProvider.swift in Sources */,
				E1BBAEA72B0C007B00CDB813 /* ForTenDaysCellModel.swift in Sources */,
				E1D71EB72B09693800D3E762 /* Data.swift in Sources */,
			);
			runOnlyForDeploymentPostprocessing = 0;
		};
/* End PBXSourcesBuildPhase section */

/* Begin PBXVariantGroup section */
		48BBFBBD2AA0DEC20043559A /* Main.storyboard */ = {
			isa = PBXVariantGroup;
			children = (
				48BBFBBE2AA0DEC20043559A /* Base */,
			);
			name = Main.storyboard;
			sourceTree = "<group>";
		};
		48BBFBC22AA0DEC40043559A /* LaunchScreen.storyboard */ = {
			isa = PBXVariantGroup;
			children = (
				48BBFBC32AA0DEC40043559A /* Base */,
			);
			name = LaunchScreen.storyboard;
			sourceTree = "<group>";
		};
/* End PBXVariantGroup section */

/* Begin XCBuildConfiguration section */
		48BBFBC62AA0DEC40043559A /* Debug */ = {
			isa = XCBuildConfiguration;
			buildSettings = {
				ALWAYS_SEARCH_USER_PATHS = NO;
				CLANG_ANALYZER_NONNULL = YES;
				CLANG_ANALYZER_NUMBER_OBJECT_CONVERSION = YES_AGGRESSIVE;
				CLANG_CXX_LANGUAGE_STANDARD = "gnu++20";
				CLANG_ENABLE_MODULES = YES;
				CLANG_ENABLE_OBJC_ARC = YES;
				CLANG_ENABLE_OBJC_WEAK = YES;
				CLANG_WARN_BLOCK_CAPTURE_AUTORELEASING = YES;
				CLANG_WARN_BOOL_CONVERSION = YES;
				CLANG_WARN_COMMA = YES;
				CLANG_WARN_CONSTANT_CONVERSION = YES;
				CLANG_WARN_DEPRECATED_OBJC_IMPLEMENTATIONS = YES;
				CLANG_WARN_DIRECT_OBJC_ISA_USAGE = YES_ERROR;
				CLANG_WARN_DOCUMENTATION_COMMENTS = YES;
				CLANG_WARN_EMPTY_BODY = YES;
				CLANG_WARN_ENUM_CONVERSION = YES;
				CLANG_WARN_INFINITE_RECURSION = YES;
				CLANG_WARN_INT_CONVERSION = YES;
				CLANG_WARN_NON_LITERAL_NULL_CONVERSION = YES;
				CLANG_WARN_OBJC_IMPLICIT_RETAIN_SELF = YES;
				CLANG_WARN_OBJC_LITERAL_CONVERSION = YES;
				CLANG_WARN_OBJC_ROOT_CLASS = YES_ERROR;
				CLANG_WARN_QUOTED_INCLUDE_IN_FRAMEWORK_HEADER = YES;
				CLANG_WARN_RANGE_LOOP_ANALYSIS = YES;
				CLANG_WARN_STRICT_PROTOTYPES = YES;
				CLANG_WARN_SUSPICIOUS_MOVE = YES;
				CLANG_WARN_UNGUARDED_AVAILABILITY = YES_AGGRESSIVE;
				CLANG_WARN_UNREACHABLE_CODE = YES;
				CLANG_WARN__DUPLICATE_METHOD_MATCH = YES;
				COPY_PHASE_STRIP = NO;
				DEBUG_INFORMATION_FORMAT = dwarf;
				ENABLE_STRICT_OBJC_MSGSEND = YES;
				ENABLE_TESTABILITY = YES;
				GCC_C_LANGUAGE_STANDARD = gnu11;
				GCC_DYNAMIC_NO_PIC = NO;
				GCC_NO_COMMON_BLOCKS = YES;
				GCC_OPTIMIZATION_LEVEL = 0;
				GCC_PREPROCESSOR_DEFINITIONS = (
					"DEBUG=1",
					"$(inherited)",
				);
				GCC_WARN_64_TO_32_BIT_CONVERSION = YES;
				GCC_WARN_ABOUT_RETURN_TYPE = YES_ERROR;
				GCC_WARN_UNDECLARED_SELECTOR = YES;
				GCC_WARN_UNINITIALIZED_AUTOS = YES_AGGRESSIVE;
				GCC_WARN_UNUSED_FUNCTION = YES;
				GCC_WARN_UNUSED_VARIABLE = YES;
				IPHONEOS_DEPLOYMENT_TARGET = 16.0;
				MTL_ENABLE_DEBUG_INFO = INCLUDE_SOURCE;
				MTL_FAST_MATH = YES;
				ONLY_ACTIVE_ARCH = YES;
				SDKROOT = iphoneos;
				SWIFT_ACTIVE_COMPILATION_CONDITIONS = DEBUG;
				SWIFT_OPTIMIZATION_LEVEL = "-Onone";
			};
			name = Debug;
		};
		48BBFBC72AA0DEC40043559A /* Release */ = {
			isa = XCBuildConfiguration;
			buildSettings = {
				ALWAYS_SEARCH_USER_PATHS = NO;
				CLANG_ANALYZER_NONNULL = YES;
				CLANG_ANALYZER_NUMBER_OBJECT_CONVERSION = YES_AGGRESSIVE;
				CLANG_CXX_LANGUAGE_STANDARD = "gnu++20";
				CLANG_ENABLE_MODULES = YES;
				CLANG_ENABLE_OBJC_ARC = YES;
				CLANG_ENABLE_OBJC_WEAK = YES;
				CLANG_WARN_BLOCK_CAPTURE_AUTORELEASING = YES;
				CLANG_WARN_BOOL_CONVERSION = YES;
				CLANG_WARN_COMMA = YES;
				CLANG_WARN_CONSTANT_CONVERSION = YES;
				CLANG_WARN_DEPRECATED_OBJC_IMPLEMENTATIONS = YES;
				CLANG_WARN_DIRECT_OBJC_ISA_USAGE = YES_ERROR;
				CLANG_WARN_DOCUMENTATION_COMMENTS = YES;
				CLANG_WARN_EMPTY_BODY = YES;
				CLANG_WARN_ENUM_CONVERSION = YES;
				CLANG_WARN_INFINITE_RECURSION = YES;
				CLANG_WARN_INT_CONVERSION = YES;
				CLANG_WARN_NON_LITERAL_NULL_CONVERSION = YES;
				CLANG_WARN_OBJC_IMPLICIT_RETAIN_SELF = YES;
				CLANG_WARN_OBJC_LITERAL_CONVERSION = YES;
				CLANG_WARN_OBJC_ROOT_CLASS = YES_ERROR;
				CLANG_WARN_QUOTED_INCLUDE_IN_FRAMEWORK_HEADER = YES;
				CLANG_WARN_RANGE_LOOP_ANALYSIS = YES;
				CLANG_WARN_STRICT_PROTOTYPES = YES;
				CLANG_WARN_SUSPICIOUS_MOVE = YES;
				CLANG_WARN_UNGUARDED_AVAILABILITY = YES_AGGRESSIVE;
				CLANG_WARN_UNREACHABLE_CODE = YES;
				CLANG_WARN__DUPLICATE_METHOD_MATCH = YES;
				COPY_PHASE_STRIP = NO;
				DEBUG_INFORMATION_FORMAT = "dwarf-with-dsym";
				ENABLE_NS_ASSERTIONS = NO;
				ENABLE_STRICT_OBJC_MSGSEND = YES;
				GCC_C_LANGUAGE_STANDARD = gnu11;
				GCC_NO_COMMON_BLOCKS = YES;
				GCC_WARN_64_TO_32_BIT_CONVERSION = YES;
				GCC_WARN_ABOUT_RETURN_TYPE = YES_ERROR;
				GCC_WARN_UNDECLARED_SELECTOR = YES;
				GCC_WARN_UNINITIALIZED_AUTOS = YES_AGGRESSIVE;
				GCC_WARN_UNUSED_FUNCTION = YES;
				GCC_WARN_UNUSED_VARIABLE = YES;
				IPHONEOS_DEPLOYMENT_TARGET = 16.0;
				MTL_ENABLE_DEBUG_INFO = NO;
				MTL_FAST_MATH = YES;
				SDKROOT = iphoneos;
				SWIFT_COMPILATION_MODE = wholemodule;
				SWIFT_OPTIMIZATION_LEVEL = "-O";
				VALIDATE_PRODUCT = YES;
			};
			name = Release;
		};
		48BBFBC92AA0DEC40043559A /* Debug */ = {
			isa = XCBuildConfiguration;
			buildSettings = {
				ASSETCATALOG_COMPILER_APPICON_NAME = AppIcon;
				ASSETCATALOG_COMPILER_GLOBAL_ACCENT_COLOR_NAME = AccentColor;
				CODE_SIGN_STYLE = Automatic;
				CURRENT_PROJECT_VERSION = 1;
				DEVELOPMENT_TEAM = 9MJVTS5MSY;
				GENERATE_INFOPLIST_FILE = YES;
				INFOPLIST_FILE = weatherApp/Info.plist;
				INFOPLIST_KEY_UIApplicationSupportsIndirectInputEvents = YES;
				INFOPLIST_KEY_UILaunchStoryboardName = LaunchScreen;
				INFOPLIST_KEY_UIMainStoryboardFile = Main;
				INFOPLIST_KEY_UISupportedInterfaceOrientations_iPad = "UIInterfaceOrientationPortrait UIInterfaceOrientationPortraitUpsideDown UIInterfaceOrientationLandscapeLeft UIInterfaceOrientationLandscapeRight";
				INFOPLIST_KEY_UISupportedInterfaceOrientations_iPhone = "UIInterfaceOrientationPortrait UIInterfaceOrientationLandscapeLeft UIInterfaceOrientationLandscapeRight";
				LD_RUNPATH_SEARCH_PATHS = (
					"$(inherited)",
					"@executable_path/Frameworks",
				);
				MARKETING_VERSION = 1.0;
				PRODUCT_BUNDLE_IDENTIFIER = firstSwiftApp.weatherApp;
				PRODUCT_NAME = "$(TARGET_NAME)";
				SUPPORTED_PLATFORMS = "iphoneos iphonesimulator";
				SUPPORTS_MACCATALYST = NO;
				SUPPORTS_MAC_DESIGNED_FOR_IPHONE_IPAD = NO;
				SWIFT_EMIT_LOC_STRINGS = YES;
				SWIFT_VERSION = 5.0;
				TARGETED_DEVICE_FAMILY = 1;
			};
			name = Debug;
		};
		48BBFBCA2AA0DEC40043559A /* Release */ = {
			isa = XCBuildConfiguration;
			buildSettings = {
				ASSETCATALOG_COMPILER_APPICON_NAME = AppIcon;
				ASSETCATALOG_COMPILER_GLOBAL_ACCENT_COLOR_NAME = AccentColor;
				CODE_SIGN_STYLE = Automatic;
				CURRENT_PROJECT_VERSION = 1;
				DEVELOPMENT_TEAM = 9MJVTS5MSY;
				GENERATE_INFOPLIST_FILE = YES;
				INFOPLIST_FILE = weatherApp/Info.plist;
				INFOPLIST_KEY_UIApplicationSupportsIndirectInputEvents = YES;
				INFOPLIST_KEY_UILaunchStoryboardName = LaunchScreen;
				INFOPLIST_KEY_UIMainStoryboardFile = Main;
				INFOPLIST_KEY_UISupportedInterfaceOrientations_iPad = "UIInterfaceOrientationPortrait UIInterfaceOrientationPortraitUpsideDown UIInterfaceOrientationLandscapeLeft UIInterfaceOrientationLandscapeRight";
				INFOPLIST_KEY_UISupportedInterfaceOrientations_iPhone = "UIInterfaceOrientationPortrait UIInterfaceOrientationLandscapeLeft UIInterfaceOrientationLandscapeRight";
				LD_RUNPATH_SEARCH_PATHS = (
					"$(inherited)",
					"@executable_path/Frameworks",
				);
				MARKETING_VERSION = 1.0;
				PRODUCT_BUNDLE_IDENTIFIER = firstSwiftApp.weatherApp;
				PRODUCT_NAME = "$(TARGET_NAME)";
				SUPPORTED_PLATFORMS = "iphoneos iphonesimulator";
				SUPPORTS_MACCATALYST = NO;
				SUPPORTS_MAC_DESIGNED_FOR_IPHONE_IPAD = NO;
				SWIFT_EMIT_LOC_STRINGS = YES;
				SWIFT_VERSION = 5.0;
				TARGETED_DEVICE_FAMILY = 1;
			};
			name = Release;
		};
/* End XCBuildConfiguration section */

/* Begin XCConfigurationList section */
		48BBFBAF2AA0DEC20043559A /* Build configuration list for PBXProject "weatherApp" */ = {
			isa = XCConfigurationList;
			buildConfigurations = (
				48BBFBC62AA0DEC40043559A /* Debug */,
				48BBFBC72AA0DEC40043559A /* Release */,
			);
			defaultConfigurationIsVisible = 0;
			defaultConfigurationName = Release;
		};
		48BBFBC82AA0DEC40043559A /* Build configuration list for PBXNativeTarget "weatherApp" */ = {
			isa = XCConfigurationList;
			buildConfigurations = (
				48BBFBC92AA0DEC40043559A /* Debug */,
				48BBFBCA2AA0DEC40043559A /* Release */,
			);
			defaultConfigurationIsVisible = 0;
			defaultConfigurationName = Release;
		};
/* End XCConfigurationList section */
	};
	rootObject = 48BBFBAC2AA0DEC20043559A /* Project object */;
}
